hash: ff8a32679991a0939800d56b0b34ade1a46ed2f6d9a6f21a95e07196b5e16fbe
updated: 2017-05-27T20:48:09.06190059+02:00
imports:
- name: github.com/dgrijalva/jwt-go
  version: 6c8dedd55f8a2e41f605de6d5d66e51ed1f299fc
- name: github.com/labstack/echo
  version: 1049c9613cd371b7ea8f219404c9a821734781ed
  subpackages:
  - '...'
  - middleware
- name: github.com/labstack/gommon
  version: 1121fd3e243c202482226a7afe4dcd07ffc4139a
  subpackages:
  - bytes
  - color
  - log
  - random
- name: github.com/mattn/go-colorable
  version: ded68f7a9561c023e790de24279db7ebf473ea80
- name: github.com/mattn/go-isatty
  version: fc9e8d8ef48496124e79ae0df75490096eccf6fe
- name: github.com/PierreZ/tlscert
  version: 132262881d39c577835ab78f179abd2de116cb32
- name: github.com/valyala/bytebufferpool
  version: e746df99fe4a3986f4d4f79e13c1e0117ce9c2f7
- name: github.com/valyala/fasttemplate
  version: dcecefd839c4193db0d35b88ec65b4c12d360ab0
- name: golang.org/x/crypto
  version: 7e9105388ebff089b3f99f0ef676ea55a6da3a7e
  subpackages:
  - acme
  - acme/autocert
- name: golang.org/x/sys
  version: a55a76086885b80f79961eacb876ebd8caf3868d
  subpackages:
  - unix
testImports: []
